// !$*UTF8*$!
{
	archiveVersion = 1;
	classes = {
	};
	objectVersion = 52;
	objects = {

/* Begin PBXBuildFile section */
		62D8EEDF236719DB0015FF27 /* NavigationController.swift in Sources */ = {isa = PBXBuildFile; fileRef = 62D8EEDE236719DB0015FF27 /* NavigationController.swift */; };
		62FFDB332365DB1B00CE74C2 /* AppDelegate.swift in Sources */ = {isa = PBXBuildFile; fileRef = 62FFDB322365DB1B00CE74C2 /* AppDelegate.swift */; };
		62FFDB352365DB1B00CE74C2 /* SceneDelegate.swift in Sources */ = {isa = PBXBuildFile; fileRef = 62FFDB342365DB1B00CE74C2 /* SceneDelegate.swift */; };
		62FFDB3A2365DB1B00CE74C2 /* Main.storyboard in Resources */ = {isa = PBXBuildFile; fileRef = 62FFDB382365DB1B00CE74C2 /* Main.storyboard */; };
		62FFDB3C2365DB1C00CE74C2 /* Assets.xcassets in Resources */ = {isa = PBXBuildFile; fileRef = 62FFDB3B2365DB1C00CE74C2 /* Assets.xcassets */; };
		62FFDB3F2365DB1C00CE74C2 /* LaunchScreen.storyboard in Resources */ = {isa = PBXBuildFile; fileRef = 62FFDB3D2365DB1C00CE74C2 /* LaunchScreen.storyboard */; };
		62FFDB4C2365DEA100CE74C2 /* PhonesPreviewTableViewController.swift in Sources */ = {isa = PBXBuildFile; fileRef = 62FFDB4B2365DEA100CE74C2 /* PhonesPreviewTableViewController.swift */; };
		62FFDB4E2365DED500CE74C2 /* PhonesTableViewController.swift in Sources */ = {isa = PBXBuildFile; fileRef = 62FFDB4D2365DED500CE74C2 /* PhonesTableViewController.swift */; };
		62FFDB522365DEF800CE74C2 /* PhoneDetailTableViewController.swift in Sources */ = {isa = PBXBuildFile; fileRef = 62FFDB512365DEF800CE74C2 /* PhoneDetailTableViewController.swift */; };
		62FFDB542365E00700CE74C2 /* Phone.swift in Sources */ = {isa = PBXBuildFile; fileRef = 62FFDB532365E00700CE74C2 /* Phone.swift */; };
		62FFDB562365E14A00CE74C2 /* PhoneModels.plist in Resources */ = {isa = PBXBuildFile; fileRef = 62FFDB552365E14A00CE74C2 /* PhoneModels.plist */; };
		62FFDB602366231F00CE74C2 /* PhonesPreviewViewModel.swift in Sources */ = {isa = PBXBuildFile; fileRef = 62FFDB5F2366231F00CE74C2 /* PhonesPreviewViewModel.swift */; };
		62FFDB622366233300CE74C2 /* PhonesViewModel.swift in Sources */ = {isa = PBXBuildFile; fileRef = 62FFDB612366233300CE74C2 /* PhonesViewModel.swift */; };
		A311E15F2548074E00AE4A07 /* SAPCommon.xcframework in Frameworks */ = {isa = PBXBuildFile; fileRef = A311E15C2548074E00AE4A07 /* SAPCommon.xcframework */; };
		A311E1602548074E00AE4A07 /* SAPCommon.xcframework in Embed Frameworks */ = {isa = PBXBuildFile; fileRef = A311E15C2548074E00AE4A07 /* SAPCommon.xcframework */; settings = {ATTRIBUTES = (CodeSignOnCopy, RemoveHeadersOnCopy, ); }; };
		A311E1612548074E00AE4A07 /* SAPFiori.xcframework in Frameworks */ = {isa = PBXBuildFile; fileRef = A311E15D2548074E00AE4A07 /* SAPFiori.xcframework */; };
		A311E1622548074E00AE4A07 /* SAPFiori.xcframework in Embed Frameworks */ = {isa = PBXBuildFile; fileRef = A311E15D2548074E00AE4A07 /* SAPFiori.xcframework */; settings = {ATTRIBUTES = (CodeSignOnCopy, RemoveHeadersOnCopy, ); }; };
		A311E1632548074E00AE4A07 /* SAPFoundation.xcframework in Frameworks */ = {isa = PBXBuildFile; fileRef = A311E15E2548074E00AE4A07 /* SAPFoundation.xcframework */; };
		A311E1642548074E00AE4A07 /* SAPFoundation.xcframework in Embed Frameworks */ = {isa = PBXBuildFile; fileRef = A311E15E2548074E00AE4A07 /* SAPFoundation.xcframework */; settings = {ATTRIBUTES = (CodeSignOnCopy, RemoveHeadersOnCopy, ); }; };
/* End PBXBuildFile section */

/* Begin PBXCopyFilesBuildPhase section */
		A311E1652548074E00AE4A07 /* Embed Frameworks */ = {
			isa = PBXCopyFilesBuildPhase;
			buildActionMask = 2147483647;
			dstPath = "";
			dstSubfolderSpec = 10;
			files = (
				A311E1642548074E00AE4A07 /* SAPFoundation.xcframework in Embed Frameworks */,
				A311E1622548074E00AE4A07 /* SAPFiori.xcframework in Embed Frameworks */,
				A311E1602548074E00AE4A07 /* SAPCommon.xcframework in Embed Frameworks */,
			);
			name = "Embed Frameworks";
			runOnlyForDeploymentPostprocessing = 0;
		};
/* End PBXCopyFilesBuildPhase section */

/* Begin PBXFileReference section */
		62D8EEDE236719DB0015FF27 /* NavigationController.swift */ = {isa = PBXFileReference; lastKnownFileType = sourcecode.swift; path = NavigationController.swift; sourceTree = "<group>"; };
		62FFDB2F2365DB1B00CE74C2 /* iPhoneModels.app */ = {isa = PBXFileReference; explicitFileType = wrapper.application; includeInIndex = 0; path = iPhoneModels.app; sourceTree = BUILT_PRODUCTS_DIR; };
		62FFDB322365DB1B00CE74C2 /* AppDelegate.swift */ = {isa = PBXFileReference; lastKnownFileType = sourcecode.swift; path = AppDelegate.swift; sourceTree = "<group>"; };
		62FFDB342365DB1B00CE74C2 /* SceneDelegate.swift */ = {isa = PBXFileReference; lastKnownFileType = sourcecode.swift; path = SceneDelegate.swift; sourceTree = "<group>"; };
		62FFDB392365DB1B00CE74C2 /* Base */ = {isa = PBXFileReference; lastKnownFileType = file.storyboard; name = Base; path = Base.lproj/Main.storyboard; sourceTree = "<group>"; };
		62FFDB3B2365DB1C00CE74C2 /* Assets.xcassets */ = {isa = PBXFileReference; lastKnownFileType = folder.assetcatalog; path = Assets.xcassets; sourceTree = "<group>"; };
		62FFDB3E2365DB1C00CE74C2 /* Base */ = {isa = PBXFileReference; lastKnownFileType = file.storyboard; name = Base; path = Base.lproj/LaunchScreen.storyboard; sourceTree = "<group>"; };
		62FFDB402365DB1C00CE74C2 /* Info.plist */ = {isa = PBXFileReference; lastKnownFileType = text.plist.xml; path = Info.plist; sourceTree = "<group>"; };
		62FFDB4B2365DEA100CE74C2 /* PhonesPreviewTableViewController.swift */ = {isa = PBXFileReference; lastKnownFileType = sourcecode.swift; path = PhonesPreviewTableViewController.swift; sourceTree = "<group>"; };
		62FFDB4D2365DED500CE74C2 /* PhonesTableViewController.swift */ = {isa = PBXFileReference; lastKnownFileType = sourcecode.swift; path = PhonesTableViewController.swift; sourceTree = "<group>"; };
		62FFDB512365DEF800CE74C2 /* PhoneDetailTableViewController.swift */ = {isa = PBXFileReference; lastKnownFileType = sourcecode.swift; path = PhoneDetailTableViewController.swift; sourceTree = "<group>"; };
		62FFDB532365E00700CE74C2 /* Phone.swift */ = {isa = PBXFileReference; lastKnownFileType = sourcecode.swift; path = Phone.swift; sourceTree = "<group>"; };
		62FFDB552365E14A00CE74C2 /* PhoneModels.plist */ = {isa = PBXFileReference; lastKnownFileType = text.plist.xml; path = PhoneModels.plist; sourceTree = "<group>"; };
		62FFDB5F2366231F00CE74C2 /* PhonesPreviewViewModel.swift */ = {isa = PBXFileReference; lastKnownFileType = sourcecode.swift; path = PhonesPreviewViewModel.swift; sourceTree = "<group>"; };
		62FFDB612366233300CE74C2 /* PhonesViewModel.swift */ = {isa = PBXFileReference; lastKnownFileType = sourcecode.swift; path = PhonesViewModel.swift; sourceTree = "<group>"; };
		A311E15C2548074E00AE4A07 /* SAPCommon.xcframework */ = {isa = PBXFileReference; lastKnownFileType = wrapper.xcframework; name = SAPCommon.xcframework; path = "../../SDK/SAP Fiori iOS SDK/SAPCommon.xcframework"; sourceTree = "<group>"; };
		A311E15D2548074E00AE4A07 /* SAPFiori.xcframework */ = {isa = PBXFileReference; lastKnownFileType = wrapper.xcframework; name = SAPFiori.xcframework; path = "../../SDK/SAP Fiori iOS SDK/SAPFiori.xcframework"; sourceTree = "<group>"; };
		A311E15E2548074E00AE4A07 /* SAPFoundation.xcframework */ = {isa = PBXFileReference; lastKnownFileType = wrapper.xcframework; name = SAPFoundation.xcframework; path = "../../SDK/SAP Fiori iOS SDK/SAPFoundation.xcframework"; sourceTree = "<group>"; };
		A3940B3124F58DB9001EA100 /* SAPFiori.xcframework */ = {isa = PBXFileReference; lastKnownFileType = wrapper.xcframework; name = SAPFiori.xcframework; path = "../../SAP Fiori iOS SDK/SAPFiori.xcframework"; sourceTree = "<group>"; };
		A3940B3224F58DB9001EA100 /* SAPFoundation.xcframework */ = {isa = PBXFileReference; lastKnownFileType = wrapper.xcframework; name = SAPFoundation.xcframework; path = "../../SAP Fiori iOS SDK/SAPFoundation.xcframework"; sourceTree = "<group>"; };
		A3940B3324F58DB9001EA100 /* SAPCommon.xcframework */ = {isa = PBXFileReference; lastKnownFileType = wrapper.xcframework; name = SAPCommon.xcframework; path = "../../SAP Fiori iOS SDK/SAPCommon.xcframework"; sourceTree = "<group>"; };
/* End PBXFileReference section */

/* Begin PBXFrameworksBuildPhase section */
		62FFDB2C2365DB1B00CE74C2 /* Frameworks */ = {
			isa = PBXFrameworksBuildPhase;
			buildActionMask = 2147483647;
			files = (
				A311E1632548074E00AE4A07 /* SAPFoundation.xcframework in Frameworks */,
				A311E1612548074E00AE4A07 /* SAPFiori.xcframework in Frameworks */,
				A311E15F2548074E00AE4A07 /* SAPCommon.xcframework in Frameworks */,
			);
			runOnlyForDeploymentPostprocessing = 0;
		};
/* End PBXFrameworksBuildPhase section */

/* Begin PBXGroup section */
		62D8EEDD236719CD0015FF27 /* Extensions */ = {
			isa = PBXGroup;
			children = (
				62D8EEDE236719DB0015FF27 /* NavigationController.swift */,
			);
			name = Extensions;
			sourceTree = "<group>";
		};
		62FFDB262365DB1B00CE74C2 = {
			isa = PBXGroup;
			children = (
				62FFDB312365DB1B00CE74C2 /* iPhoneModels */,
				62FFDB302365DB1B00CE74C2 /* Products */,
				62FFDB572365E51400CE74C2 /* Frameworks */,
			);
			sourceTree = "<group>";
		};
		62FFDB302365DB1B00CE74C2 /* Products */ = {
			isa = PBXGroup;
			children = (
				62FFDB2F2365DB1B00CE74C2 /* iPhoneModels.app */,
			);
			name = Products;
			sourceTree = "<group>";
		};
		62FFDB312365DB1B00CE74C2 /* iPhoneModels */ = {
			isa = PBXGroup;
			children = (
				62FFDB322365DB1B00CE74C2 /* AppDelegate.swift */,
				62FFDB342365DB1B00CE74C2 /* SceneDelegate.swift */,
				62FFDB462365DB3000CE74C2 /* Supporting Files */,
				62D8EEDD236719CD0015FF27 /* Extensions */,
				62FFDB472365DB5700CE74C2 /* Models */,
				62FFDB482365DB5F00CE74C2 /* ViewControllers */,
				62FFDB492365DB6500CE74C2 /* ViewModels */,
				62FFDB4A2365DB9700CE74C2 /* Views */,
			);
			path = iPhoneModels;
			sourceTree = "<group>";
		};
		62FFDB462365DB3000CE74C2 /* Supporting Files */ = {
			isa = PBXGroup;
			children = (
				62FFDB3B2365DB1C00CE74C2 /* Assets.xcassets */,
				62FFDB402365DB1C00CE74C2 /* Info.plist */,
				62FFDB552365E14A00CE74C2 /* PhoneModels.plist */,
			);
			name = "Supporting Files";
			sourceTree = "<group>";
		};
		62FFDB472365DB5700CE74C2 /* Models */ = {
			isa = PBXGroup;
			children = (
				62FFDB532365E00700CE74C2 /* Phone.swift */,
			);
			name = Models;
			sourceTree = "<group>";
		};
		62FFDB482365DB5F00CE74C2 /* ViewControllers */ = {
			isa = PBXGroup;
			children = (
				62FFDB512365DEF800CE74C2 /* PhoneDetailTableViewController.swift */,
				62FFDB4B2365DEA100CE74C2 /* PhonesPreviewTableViewController.swift */,
				62FFDB4D2365DED500CE74C2 /* PhonesTableViewController.swift */,
			);
			name = ViewControllers;
			sourceTree = "<group>";
		};
		62FFDB492365DB6500CE74C2 /* ViewModels */ = {
			isa = PBXGroup;
			children = (
				62FFDB5F2366231F00CE74C2 /* PhonesPreviewViewModel.swift */,
				62FFDB612366233300CE74C2 /* PhonesViewModel.swift */,
			);
			name = ViewModels;
			sourceTree = "<group>";
		};
		62FFDB4A2365DB9700CE74C2 /* Views */ = {
			isa = PBXGroup;
			children = (
				62FFDB3D2365DB1C00CE74C2 /* LaunchScreen.storyboard */,
				62FFDB382365DB1B00CE74C2 /* Main.storyboard */,
			);
			name = Views;
			sourceTree = "<group>";
		};
		62FFDB572365E51400CE74C2 /* Frameworks */ = {
			isa = PBXGroup;
			children = (
				A311E15C2548074E00AE4A07 /* SAPCommon.xcframework */,
				A311E15D2548074E00AE4A07 /* SAPFiori.xcframework */,
				A311E15E2548074E00AE4A07 /* SAPFoundation.xcframework */,
				A3940B3324F58DB9001EA100 /* SAPCommon.xcframework */,
				A3940B3124F58DB9001EA100 /* SAPFiori.xcframework */,
				A3940B3224F58DB9001EA100 /* SAPFoundation.xcframework */,
			);
			name = Frameworks;
			sourceTree = "<group>";
		};
/* End PBXGroup section */

/* Begin PBXNativeTarget section */
		62FFDB2E2365DB1B00CE74C2 /* iPhoneModels */ = {
			isa = PBXNativeTarget;
			buildConfigurationList = 62FFDB432365DB1C00CE74C2 /* Build configuration list for PBXNativeTarget "iPhoneModels" */;
			buildPhases = (
				62FFDB2B2365DB1B00CE74C2 /* Sources */,
				62FFDB2C2365DB1B00CE74C2 /* Frameworks */,
				62FFDB2D2365DB1B00CE74C2 /* Resources */,
				A311E1652548074E00AE4A07 /* Embed Frameworks */,
			);
			buildRules = (
			);
			dependencies = (
			);
			name = iPhoneModels;
			productName = iPhoneModels;
			productReference = 62FFDB2F2365DB1B00CE74C2 /* iPhoneModels.app */;
			productType = "com.apple.product-type.application";
		};
/* End PBXNativeTarget section */

/* Begin PBXProject section */
		62FFDB272365DB1B00CE74C2 /* Project object */ = {
			isa = PBXProject;
			attributes = {
				LastSwiftUpdateCheck = 1110;
				LastUpgradeCheck = 1210;
				ORGANIZATIONNAME = "Alexandre Giguere";
				TargetAttributes = {
					62FFDB2E2365DB1B00CE74C2 = {
						CreatedOnToolsVersion = 11.1;
					};
				};
			};
			buildConfigurationList = 62FFDB2A2365DB1B00CE74C2 /* Build configuration list for PBXProject "iPhoneModels" */;
			compatibilityVersion = "Xcode 9.3";
			developmentRegion = en;
			hasScannedForEncodings = 0;
			knownRegions = (
				en,
				Base,
			);
			mainGroup = 62FFDB262365DB1B00CE74C2;
			productRefGroup = 62FFDB302365DB1B00CE74C2 /* Products */;
			projectDirPath = "";
			projectRoot = "";
			targets = (
				62FFDB2E2365DB1B00CE74C2 /* iPhoneModels */,
			);
		};
/* End PBXProject section */

/* Begin PBXResourcesBuildPhase section */
		62FFDB2D2365DB1B00CE74C2 /* Resources */ = {
			isa = PBXResourcesBuildPhase;
			buildActionMask = 2147483647;
			files = (
				62FFDB3F2365DB1C00CE74C2 /* LaunchScreen.storyboard in Resources */,
				62FFDB562365E14A00CE74C2 /* PhoneModels.plist in Resources */,
				62FFDB3C2365DB1C00CE74C2 /* Assets.xcassets in Resources */,
				62FFDB3A2365DB1B00CE74C2 /* Main.storyboard in Resources */,
			);
			runOnlyForDeploymentPostprocessing = 0;
		};
/* End PBXResourcesBuildPhase section */

/* Begin PBXSourcesBuildPhase section */
		62FFDB2B2365DB1B00CE74C2 /* Sources */ = {
			isa = PBXSourcesBuildPhase;
			buildActionMask = 2147483647;
			files = (
				62FFDB332365DB1B00CE74C2 /* AppDelegate.swift in Sources */,
				62FFDB622366233300CE74C2 /* PhonesViewModel.swift in Sources */,
				62FFDB352365DB1B00CE74C2 /* SceneDelegate.swift in Sources */,
				62FFDB4E2365DED500CE74C2 /* PhonesTableViewController.swift in Sources */,
				62D8EEDF236719DB0015FF27 /* NavigationController.swift in Sources */,
				62FFDB602366231F00CE74C2 /* PhonesPreviewViewModel.swift in Sources */,
				62FFDB4C2365DEA100CE74C2 /* PhonesPreviewTableViewController.swift in Sources */,
				62FFDB542365E00700CE74C2 /* Phone.swift in Sources */,
				62FFDB522365DEF800CE74C2 /* PhoneDetailTableViewController.swift in Sources */,
			);
			runOnlyForDeploymentPostprocessing = 0;
		};
/* End PBXSourcesBuildPhase section */

/* Begin PBXVariantGroup section */
		62FFDB382365DB1B00CE74C2 /* Main.storyboard */ = {
			isa = PBXVariantGroup;
			children = (
				62FFDB392365DB1B00CE74C2 /* Base */,
			);
			name = Main.storyboard;
			sourceTree = "<group>";
		};
		62FFDB3D2365DB1C00CE74C2 /* LaunchScreen.storyboard */ = {
			isa = PBXVariantGroup;
			children = (
				62FFDB3E2365DB1C00CE74C2 /* Base */,
			);
			name = LaunchScreen.storyboard;
			sourceTree = "<group>";
		};
/* End PBXVariantGroup section */

/* Begin XCBuildConfiguration section */
		62FFDB412365DB1C00CE74C2 /* Debug */ = {
			isa = XCBuildConfiguration;
			buildSettings = {
				ALWAYS_SEARCH_USER_PATHS = NO;
				CLANG_ANALYZER_NONNULL = YES;
				CLANG_ANALYZER_NUMBER_OBJECT_CONVERSION = YES_AGGRESSIVE;
				CLANG_CXX_LANGUAGE_STANDARD = "gnu++14";
				CLANG_CXX_LIBRARY = "libc++";
				CLANG_ENABLE_MODULES = YES;
				CLANG_ENABLE_OBJC_ARC = YES;
				CLANG_ENABLE_OBJC_WEAK = YES;
				CLANG_WARN_BLOCK_CAPTURE_AUTORELEASING = YES;
				CLANG_WARN_BOOL_CONVERSION = YES;
				CLANG_WARN_COMMA = YES;
				CLANG_WARN_CONSTANT_CONVERSION = YES;
				CLANG_WARN_DEPRECATED_OBJC_IMPLEMENTATIONS = YES;
				CLANG_WARN_DIRECT_OBJC_ISA_USAGE = YES_ERROR;
				CLANG_WARN_DOCUMENTATION_COMMENTS = YES;
				CLANG_WARN_EMPTY_BODY = YES;
				CLANG_WARN_ENUM_CONVERSION = YES;
				CLANG_WARN_INFINITE_RECURSION = YES;
				CLANG_WARN_INT_CONVERSION = YES;
				CLANG_WARN_NON_LITERAL_NULL_CONVERSION = YES;
				CLANG_WARN_OBJC_IMPLICIT_RETAIN_SELF = YES;
				CLANG_WARN_OBJC_LITERAL_CONVERSION = YES;
				CLANG_WARN_OBJC_ROOT_CLASS = YES_ERROR;
				CLANG_WARN_QUOTED_INCLUDE_IN_FRAMEWORK_HEADER = YES;
				CLANG_WARN_RANGE_LOOP_ANALYSIS = YES;
				CLANG_WARN_STRICT_PROTOTYPES = YES;
				CLANG_WARN_SUSPICIOUS_MOVE = YES;
				CLANG_WARN_UNGUARDED_AVAILABILITY = YES_AGGRESSIVE;
				CLANG_WARN_UNREACHABLE_CODE = YES;
				CLANG_WARN__DUPLICATE_METHOD_MATCH = YES;
				COPY_PHASE_STRIP = NO;
				DEBUG_INFORMATION_FORMAT = dwarf;
				ENABLE_STRICT_OBJC_MSGSEND = YES;
				ENABLE_TESTABILITY = YES;
				GCC_C_LANGUAGE_STANDARD = gnu11;
				GCC_DYNAMIC_NO_PIC = NO;
				GCC_NO_COMMON_BLOCKS = YES;
				GCC_OPTIMIZATION_LEVEL = 0;
				GCC_PREPROCESSOR_DEFINITIONS = (
					"DEBUG=1",
					"$(inherited)",
				);
				GCC_WARN_64_TO_32_BIT_CONVERSION = YES;
				GCC_WARN_ABOUT_RETURN_TYPE = YES_ERROR;
				GCC_WARN_UNDECLARED_SELECTOR = YES;
				GCC_WARN_UNINITIALIZED_AUTOS = YES_AGGRESSIVE;
				GCC_WARN_UNUSED_FUNCTION = YES;
				GCC_WARN_UNUSED_VARIABLE = YES;
				IPHONEOS_DEPLOYMENT_TARGET = 13.1;
				MTL_ENABLE_DEBUG_INFO = INCLUDE_SOURCE;
				MTL_FAST_MATH = YES;
				ONLY_ACTIVE_ARCH = YES;
				SDKROOT = iphoneos;
				SWIFT_ACTIVE_COMPILATION_CONDITIONS = DEBUG;
				SWIFT_OPTIMIZATION_LEVEL = "-Onone";
			};
			name = Debug;
		};
		62FFDB422365DB1C00CE74C2 /* Release */ = {
			isa = XCBuildConfiguration;
			buildSettings = {
				ALWAYS_SEARCH_USER_PATHS = NO;
				CLANG_ANALYZER_NONNULL = YES;
				CLANG_ANALYZER_NUMBER_OBJECT_CONVERSION = YES_AGGRESSIVE;
				CLANG_CXX_LANGUAGE_STANDARD = "gnu++14";
				CLANG_CXX_LIBRARY = "libc++";
				CLANG_ENABLE_MODULES = YES;
				CLANG_ENABLE_OBJC_ARC = YES;
				CLANG_ENABLE_OBJC_WEAK = YES;
				CLANG_WARN_BLOCK_CAPTURE_AUTORELEASING = YES;
				CLANG_WARN_BOOL_CONVERSION = YES;
				CLANG_WARN_COMMA = YES;
				CLANG_WARN_CONSTANT_CONVERSION = YES;
				CLANG_WARN_DEPRECATED_OBJC_IMPLEMENTATIONS = YES;
				CLANG_WARN_DIRECT_OBJC_ISA_USAGE = YES_ERROR;
				CLANG_WARN_DOCUMENTATION_COMMENTS = YES;
				CLANG_WARN_EMPTY_BODY = YES;
				CLANG_WARN_ENUM_CONVERSION = YES;
				CLANG_WARN_INFINITE_RECURSION = YES;
				CLANG_WARN_INT_CONVERSION = YES;
				CLANG_WARN_NON_LITERAL_NULL_CONVERSION = YES;
				CLANG_WARN_OBJC_IMPLICIT_RETAIN_SELF = YES;
				CLANG_WARN_OBJC_LITERAL_CONVERSION = YES;
				CLANG_WARN_OBJC_ROOT_CLASS = YES_ERROR;
				CLANG_WARN_QUOTED_INCLUDE_IN_FRAMEWORK_HEADER = YES;
				CLANG_WARN_RANGE_LOOP_ANALYSIS = YES;
				CLANG_WARN_STRICT_PROTOTYPES = YES;
				CLANG_WARN_SUSPICIOUS_MOVE = YES;
				CLANG_WARN_UNGUARDED_AVAILABILITY = YES_AGGRESSIVE;
				CLANG_WARN_UNREACHABLE_CODE = YES;
				CLANG_WARN__DUPLICATE_METHOD_MATCH = YES;
				COPY_PHASE_STRIP = NO;
				DEBUG_INFORMATION_FORMAT = "dwarf-with-dsym";
				ENABLE_NS_ASSERTIONS = NO;
				ENABLE_STRICT_OBJC_MSGSEND = YES;
				GCC_C_LANGUAGE_STANDARD = gnu11;
				GCC_NO_COMMON_BLOCKS = YES;
				GCC_WARN_64_TO_32_BIT_CONVERSION = YES;
				GCC_WARN_ABOUT_RETURN_TYPE = YES_ERROR;
				GCC_WARN_UNDECLARED_SELECTOR = YES;
				GCC_WARN_UNINITIALIZED_AUTOS = YES_AGGRESSIVE;
				GCC_WARN_UNUSED_FUNCTION = YES;
				GCC_WARN_UNUSED_VARIABLE = YES;
				IPHONEOS_DEPLOYMENT_TARGET = 13.1;
				MTL_ENABLE_DEBUG_INFO = NO;
				MTL_FAST_MATH = YES;
				SDKROOT = iphoneos;
				SWIFT_COMPILATION_MODE = wholemodule;
				SWIFT_OPTIMIZATION_LEVEL = "-O";
				VALIDATE_PRODUCT = YES;
			};
			name = Release;
		};
		62FFDB442365DB1C00CE74C2 /* Debug */ = {
			isa = XCBuildConfiguration;
			buildSettings = {
				ASSETCATALOG_COMPILER_APPICON_NAME = AppIcon;
				CODE_SIGN_STYLE = Automatic;
				FRAMEWORK_SEARCH_PATHS = (
					"$(inherited)",
					"$(PROJECT_DIR)",
				);
				INFOPLIST_FILE = iPhoneModels/Info.plist;
				LD_RUNPATH_SEARCH_PATHS = (
					"$(inherited)",
					"@executable_path/Frameworks",
				);
				PRODUCT_BUNDLE_IDENTIFIER = com.alexandregiguere.iPhoneModels;
				PRODUCT_NAME = "$(TARGET_NAME)";
				SWIFT_VERSION = 5.0;
				TARGETED_DEVICE_FAMILY = 1;
			};
			name = Debug;
		};
		62FFDB452365DB1C00CE74C2 /* Release */ = {
			isa = XCBuildConfiguration;
			buildSettings = {
				ASSETCATALOG_COMPILER_APPICON_NAME = AppIcon;
				CODE_SIGN_STYLE = Automatic;
				FRAMEWORK_SEARCH_PATHS = (
					"$(inherited)",
					"$(PROJECT_DIR)",
				);
				INFOPLIST_FILE = iPhoneModels/Info.plist;
				LD_RUNPATH_SEARCH_PATHS = (
					"$(inherited)",
					"@executable_path/Frameworks",
				);
				PRODUCT_BUNDLE_IDENTIFIER = com.alexandregiguere.iPhoneModels;
				PRODUCT_NAME = "$(TARGET_NAME)";
				SWIFT_VERSION = 5.0;
				TARGETED_DEVICE_FAMILY = 1;
			};
			name = Release;
		};
/* End XCBuildConfiguration section */

/* Begin XCConfigurationList section */
		62FFDB2A2365DB1B00CE74C2 /* Build configuration list for PBXProject "iPhoneModels" */ = {
			isa = XCConfigurationList;
			buildConfigurations = (
				62FFDB412365DB1C00CE74C2 /* Debug */,
				62FFDB422365DB1C00CE74C2 /* Release */,
			);
			defaultConfigurationIsVisible = 0;
			defaultConfigurationName = Release;
		};
		62FFDB432365DB1C00CE74C2 /* Build configuration list for PBXNativeTarget "iPhoneModels" */ = {
			isa = XCConfigurationList;
			buildConfigurations = (
				62FFDB442365DB1C00CE74C2 /* Debug */,
				62FFDB452365DB1C00CE74C2 /* Release */,
			);
			defaultConfigurationIsVisible = 0;
			defaultConfigurationName = Release;
		};
/* End XCConfigurationList section */
	};
	rootObject = 62FFDB272365DB1B00CE74C2 /* Project object */;
}
